
Microsoft Visual Studio Solution File, Format Version 12.00
# Visual Studio 15
VisualStudioVersion = 15.0.28010.2041
MinimumVisualStudioVersion = 10.0.40219.1
Project("{FAE04EC0-301F-11D3-BF4B-00C04F79EFBC}") = "WebApplication1", "WebApplication1\WebApplication1.csproj", "{9D18003F-819A-4947-AD8C-BFFADDB94CB0}"
EndProject
Global
	GlobalSection(SolutionConfigurationPlatforms) = preSolution
		Debug|Any CPU = Debug|Any CPU
		Release|Any CPU = Release|Any CPU
	EndGlobalSection
	GlobalSection(ProjectConfigurationPlatforms) = postSolution
		{9D18003F-819A-4947-AD8C-BFFADDB94CB0}.Debug|Any CPU.ActiveCfg = Debug|Any CPU
		{9D18003F-819A-4947-AD8C-BFFADDB94CB0}.Debug|Any CPU.Build.0 = Debug|Any CPU
		{9D18003F-819A-4947-AD8C-BFFADDB94CB0}.Release|Any CPU.ActiveCfg = Release|Any CPU
		{9D18003F-819A-4947-AD8C-BFFADDB94CB0}.Release|Any CPU.Build.0 = Release|Any CPU
	EndGlobalSection
	GlobalSection(SolutionProperties) = preSolution
		HideSolutionNode = FALSE
	EndGlobalSection
	GlobalSection(ExtensibilityGlobals) = postSolution
		SolutionGuid = {76F56F69-2EF4-4A2F-ADD6-026F175D7AF1}
	EndGlobalSection
EndGlobal
